github.com/eknkc/amber v0.0.0-20171010120322-cdade1c07385/go.mod h1:0vRUJqYpeSZifjYj7uP3BG/gKcuzL9xWVV/Y+cK33KM=
github.com/pjebs/jsonerror v0.0.0-20190614034432-63ef9a8df848 h1:XowRe4lNFAvUyqrGWsw5iXgSIAB88dvwkhG6Y358Mpk=
github.com/pjebs/jsonerror v0.0.0-20190614034432-63ef9a8df848/go.mod h1:aTxn8DgzMXFgHW45SD0fKjhF3+vSL5Adh0+vhWmVH4g=
github.com/unrolled/render v1.0.1 h1:VDDnQQVfBMsOsp3VaCJszSO0nkBIVEYoPWeRThk9spY=
github.com/unrolled/render v1.0.1/go.mod h1:gN9T0NhL4Bfbwu8ann7Ry/TGHYfosul+J0obPf6NBdM=
